{
  "name": "@kluntje/services",
  "version": "0.0.0",
  "lockfileVersion": 1,
  "requires": true,
  "dependencies": {
    "lodash-decorators": {
      "version": "6.0.1",
      "resolved": "https://registry.npmjs.org/lodash-decorators/-/lodash-decorators-6.0.1.tgz",
      "integrity": "sha512-1M0YC8G3nFTkejZEk2ehyvryEdcqj6xATH+ybI8j53cLs/bKRsavaE//y7nz/A0vxEFhxYqev7vdWfsuTJ1AtQ==",
      "requires": {
        "tslib": "^1.9.2"
      }
    },
    "tslib": {
      "version": "1.10.0",
      "resolved": "https://registry.npmjs.org/tslib/-/tslib-1.10.0.tgz",
      "integrity": "sha512-qOebF53frne81cf0S9B41ByenJ3/IuH8yJKngAX35CmiZySA0khhkovshKK+jGCaMnVomla7gVlIcc3EvKPbTQ=="
    }
  }
}
