{
  "name": "@kluntje/polyfills",
  "version": "0.0.1",
  "lockfileVersion": 1,
  "requires": true,
  "dependencies": {
    "@webcomponents/custom-elements": {
      "version": "1.5.0",
      "resolved": "https://registry.npmjs.org/@webcomponents/custom-elements/-/custom-elements-1.5.0.tgz",
      "integrity": "sha512-c+7jPQCs9h/BYVcZ2Kna/3tsl3A/9EyXfvWjp5RiTDm1OpTcbZaCa1z4RNcTe/hUtXaqn64JjNW1yrWT+rZ8gg=="
    },
    "@webcomponents/shadydom": {
      "version": "1.9.0",
      "resolved": "https://registry.npmjs.org/@webcomponents/shadydom/-/shadydom-1.9.0.tgz",
      "integrity": "sha512-1VoziSoBBsuGM3gk2nlOgLYOQLT9iG5s9ud6CxpdkYxJyGl3YWIVCsRPCXpJpdYp4/8ACkVcuD6GajRtIoJm1w=="
    },
    "@webcomponents/template": {
      "version": "1.5.0",
      "resolved": "https://registry.npmjs.org/@webcomponents/template/-/template-1.5.0.tgz",
      "integrity": "sha512-DPQgBAedzjsFD7rgv7b6OKmpHq5VTBUCLmYfDiov2FC2C79QGaz+4iNmlVAem5iSicvN8DWTwU1kZ48XYLtuqg=="
    },
    "core-js": {
      "version": "3.17.3",
      "resolved": "https://registry.npmjs.org/core-js/-/core-js-3.17.3.tgz",
      "integrity": "sha512-lyvajs+wd8N1hXfzob1LdOCCHFU4bGMbqqmLn1Q4QlCpDqWPpGf+p0nj+LNrvDDG33j0hZXw2nsvvVpHysxyNw=="
    },
    "intersection-observer": {
      "version": "0.12.0",
      "resolved": "https://registry.npmjs.org/intersection-observer/-/intersection-observer-0.12.0.tgz",
      "integrity": "sha512-2Vkz8z46Dv401zTWudDGwO7KiGHNDkMv417T5ItcNYfmvHR/1qCTVBO9vwH8zZmQ0WkA/1ARwpysR9bsnop4NQ=="
    },
    "objectFitPolyfill": {
      "version": "2.3.5",
      "resolved": "https://registry.npmjs.org/objectFitPolyfill/-/objectFitPolyfill-2.3.5.tgz",
      "integrity": "sha512-8Quz071ZmGi0QWEG4xB3Bv5Lpw6K0Uca87FLoLMKMWjB6qIq9IyBegP3b/VLNxv2WYvIMGoeUQ+c6ibUkNa8TA=="
    },
    "scroll-behavior-polyfill": {
      "version": "2.0.13",
      "resolved": "https://registry.npmjs.org/scroll-behavior-polyfill/-/scroll-behavior-polyfill-2.0.13.tgz",
      "integrity": "sha512-X1AC6+k0++Y3XOT8Likr5Dh4XMmwvbTolr3Mp2g1jYPpOQ3++wff/JPfPEK6zqPCkZ88Ac0/OMRW/Uwh16U+HQ=="
    },
    "url-search-params-polyfill": {
      "version": "8.1.1",
      "resolved": "https://registry.npmjs.org/url-search-params-polyfill/-/url-search-params-polyfill-8.1.1.tgz",
      "integrity": "sha512-KmkCs6SjE6t4ihrfW9JelAPQIIIFbJweaaSLTh/4AO+c58JlDcb+GbdPt8yr5lRcFg4rPswRFRRhBGpWwh0K/Q=="
    },
    "whatwg-fetch": {
      "version": "3.6.2",
      "resolved": "https://registry.npmjs.org/whatwg-fetch/-/whatwg-fetch-3.6.2.tgz",
      "integrity": "sha512-bJlen0FcuU/0EMLrdbJ7zOnW6ITZLrZMIarMUVmdKtsGvZna8vxKYaexICWPfZ8qwf9fzNq+UEIZrnSaApt6RA=="
    }
  }
}
